
Microsoft Visual Studio Solution File, Format Version 12.00
# Visual Studio Version 17
VisualStudioVersion = 17.14.36717.8
MinimumVisualStudioVersion = 10.0.40219.1
Project("{FAE04EC0-301F-11D3-BF4B-00C04F79EFBC}") = "Travel.WebApi", "Travel.WebApi\Travel.WebApi.csproj", "{86F6CCA4-F861-43B2-B38F-4642B9420729}"
EndProject
Global
	GlobalSection(SolutionConfigurationPlatforms) = preSolution
		Debug|Any CPU = Debug|Any CPU
		Release|Any CPU = Release|Any CPU
	EndGlobalSection
	GlobalSection(ProjectConfigurationPlatforms) = postSolution
		{86F6CCA4-F861-43B2-B38F-4642B9420729}.Debug|Any CPU.ActiveCfg = Debug|Any CPU
		{86F6CCA4-F861-43B2-B38F-4642B9420729}.Debug|Any CPU.Build.0 = Debug|Any CPU
		{86F6CCA4-F861-43B2-B38F-4642B9420729}.Release|Any CPU.ActiveCfg = Release|Any CPU
		{86F6CCA4-F861-43B2-B38F-4642B9420729}.Release|Any CPU.Build.0 = Release|Any CPU
	EndGlobalSection
	GlobalSection(SolutionProperties) = preSolution
		HideSolutionNode = FALSE
	EndGlobalSection
	GlobalSection(ExtensibilityGlobals) = postSolution
		SolutionGuid = {B5D4E657-242C-4EB4-8673-C75886AE3A5C}
	EndGlobalSection
EndGlobal
